
Microsoft Visual Studio Solution File, Format Version 12.00
# Visual Studio 15
VisualStudioVersion = 15.0.27703.2035
MinimumVisualStudioVersion = 10.0.40219.1
Project("{9A19103F-16F7-4668-BE54-9A1E7A4F7556}") = "TanukiSharp.OneTimePassword", "TanukiSharp.OneTimePassword\TanukiSharp.OneTimePassword.csproj", "{4CABFCB2-5F5D-4F57-BD94-C4BFAE383EEC}"
EndProject
Project("{FAE04EC0-301F-11D3-BF4B-00C04F79EFBC}") = "TanukiSharp.OneTimePassword.Library", "TanukiSharp.OneTimePassword.Library\TanukiSharp.OneTimePassword.Library.csproj", "{7FEEEEE1-585B-44FA-8FB4-A4FA3DC41019}"
EndProject
Global
	GlobalSection(SolutionConfigurationPlatforms) = preSolution
		Debug|Any CPU = Debug|Any CPU
		Release|Any CPU = Release|Any CPU
	EndGlobalSection
	GlobalSection(ProjectConfigurationPlatforms) = postSolution
		{4CABFCB2-5F5D-4F57-BD94-C4BFAE383EEC}.Debug|Any CPU.ActiveCfg = Debug|Any CPU
		{4CABFCB2-5F5D-4F57-BD94-C4BFAE383EEC}.Debug|Any CPU.Build.0 = Debug|Any CPU
		{4CABFCB2-5F5D-4F57-BD94-C4BFAE383EEC}.Release|Any CPU.ActiveCfg = Release|Any CPU
		{4CABFCB2-5F5D-4F57-BD94-C4BFAE383EEC}.Release|Any CPU.Build.0 = Release|Any CPU
		{7FEEEEE1-585B-44FA-8FB4-A4FA3DC41019}.Debug|Any CPU.ActiveCfg = Debug|Any CPU
		{7FEEEEE1-585B-44FA-8FB4-A4FA3DC41019}.Debug|Any CPU.Build.0 = Debug|Any CPU
		{7FEEEEE1-585B-44FA-8FB4-A4FA3DC41019}.Release|Any CPU.ActiveCfg = Release|Any CPU
		{7FEEEEE1-585B-44FA-8FB4-A4FA3DC41019}.Release|Any CPU.Build.0 = Release|Any CPU
	EndGlobalSection
	GlobalSection(SolutionProperties) = preSolution
		HideSolutionNode = FALSE
	EndGlobalSection
	GlobalSection(ExtensibilityGlobals) = postSolution
		SolutionGuid = {29E4A183-AAD1-4A41-83C2-D8B4C520B0FC}
	EndGlobalSection
EndGlobal
